{
  "requires": true,
  "lockfileVersion": 1,
  "dependencies": {
    "fullcalendar": {
      "version": "5.2.0",
      "resolved": "https://registry.npmjs.org/fullcalendar/-/fullcalendar-5.2.0.tgz",
      "integrity": "sha512-Ln7OOGB5GGHnlp71cjUB1acySZpEHZt2iZdWYx2y6ogcohBVpDdCQJ0mfNUbs1xs8WaHUP40JwFQV/vHbALutA=="
    },
    "fullcalendar-scheduler": {
      "version": "5.2.0",
      "resolved": "https://registry.npmjs.org/fullcalendar-scheduler/-/fullcalendar-scheduler-5.2.0.tgz",
      "integrity": "sha512-kpACzm2WEZKcExRCSKPfC6DLMCHUP2GmLHgXYvNRpZuj8V5D5g8pvlK08kznfq+yV7Et09pqf+l9/jQUMUdCDw=="
    },
    "luxon": {
      "version": "1.24.1",
      "resolved": "https://registry.npmjs.org/luxon/-/luxon-1.24.1.tgz",
      "integrity": "sha512-CgnIMKAWT0ghcuWFfCWBnWGOddM0zu6c4wZAWmD0NN7MZTnro0+833DF6tJep+xlxRPg4KtsYEHYLfTMBQKwYg=="
    },
    "moment": {
      "version": "2.27.0",
      "resolved": "https://registry.npmjs.org/moment/-/moment-2.27.0.tgz",
      "integrity": "sha512-al0MUK7cpIcglMv3YF13qSgdAIqxHTO7brRtaz3DlSULbqfazqkc5kEjNrLDOM7fsjshoFIihnU8snrP7zUvhQ=="
    },
    "moment-timezone": {
      "version": "0.5.31",
      "resolved": "https://registry.npmjs.org/moment-timezone/-/moment-timezone-0.5.31.tgz",
      "integrity": "sha512-+GgHNg8xRhMXfEbv81iDtrVeTcWt0kWmTEY1XQK14dICTXnWJnT0dxdlPspwqF3keKMVPXwayEsk1DI0AA/jdA==",
      "requires": {
        "moment": ">= 2.9.0"
      }
    },
    "rrule": {
      "version": "2.6.4",
      "resolved": "https://registry.npmjs.org/rrule/-/rrule-2.6.4.tgz",
      "integrity": "sha512-sLdnh4lmjUqq8liFiOUXD5kWp/FcnbDLPwq5YAc/RrN6120XOPb86Ae5zxF7ttBVq8O3LxjjORMEit1baluahA==",
      "requires": {
        "luxon": "^1.21.3",
        "tslib": "^1.10.0"
      }
    },
    "tslib": {
      "version": "1.13.0",
      "resolved": "https://registry.npmjs.org/tslib/-/tslib-1.13.0.tgz",
      "integrity": "sha512-i/6DQjL8Xf3be4K/E6Wgpekn5Qasl1usyw++dAA35Ue5orEn65VIxOA+YvNNl9HV3qv70T7CNwjODHZrLwvd1Q=="
    }
  }
}
