{
  "name": "v5",
  "lockfileVersion": 2,
  "requires": true,
  "packages": {
    "": {
      "dependencies": {
        "fullcalendar": "~5.6.0",
        "fullcalendar-scheduler": "~5.6.0",
        "luxon": "^1.17.2",
        "moment": "^2.24.0",
        "moment-timezone": "^0.5.26",
        "rrule": "^2.6.2"
      }
    },
    "node_modules/fullcalendar": {
      "version": "5.6.0",
      "resolved": "https://registry.npmjs.org/fullcalendar/-/fullcalendar-5.6.0.tgz",
      "integrity": "sha512-7wk/QVrjMkh5c4cKo8Lk6QdOAp833beBmlltmPPEphPA1b+g4PPeQjnihBU4JHPi6Du2rAu0H2cE+gTXEebKjA=="
    },
    "node_modules/fullcalendar-scheduler": {
      "version": "5.6.0",
      "resolved": "https://registry.npmjs.org/fullcalendar-scheduler/-/fullcalendar-scheduler-5.6.0.tgz",
      "integrity": "sha512-0jx/Q+6QqzvIGWU/52OE27UVjVAiM9E0o/qRwRcEhyuKlL54ypTF/yXP/wo0ctUtui5dDsilGNsSsba1xmARJA=="
    },
    "node_modules/luxon": {
      "version": "1.24.1",
      "resolved": "https://registry.npmjs.org/luxon/-/luxon-1.24.1.tgz",
      "integrity": "sha512-CgnIMKAWT0ghcuWFfCWBnWGOddM0zu6c4wZAWmD0NN7MZTnro0+833DF6tJep+xlxRPg4KtsYEHYLfTMBQKwYg==",
      "engines": {
        "node": "*"
      }
    },
    "node_modules/moment": {
      "version": "2.27.0",
      "resolved": "https://registry.npmjs.org/moment/-/moment-2.27.0.tgz",
      "integrity": "sha512-al0MUK7cpIcglMv3YF13qSgdAIqxHTO7brRtaz3DlSULbqfazqkc5kEjNrLDOM7fsjshoFIihnU8snrP7zUvhQ==",
      "engines": {
        "node": "*"
      }
    },
    "node_modules/moment-timezone": {
      "version": "0.5.31",
      "resolved": "https://registry.npmjs.org/moment-timezone/-/moment-timezone-0.5.31.tgz",
      "integrity": "sha512-+GgHNg8xRhMXfEbv81iDtrVeTcWt0kWmTEY1XQK14dICTXnWJnT0dxdlPspwqF3keKMVPXwayEsk1DI0AA/jdA==",
      "dependencies": {
        "moment": ">= 2.9.0"
      },
      "engines": {
        "node": "*"
      }
    },
    "node_modules/rrule": {
      "version": "2.6.4",
      "resolved": "https://registry.npmjs.org/rrule/-/rrule-2.6.4.tgz",
      "integrity": "sha512-sLdnh4lmjUqq8liFiOUXD5kWp/FcnbDLPwq5YAc/RrN6120XOPb86Ae5zxF7ttBVq8O3LxjjORMEit1baluahA==",
      "dependencies": {
        "luxon": "^1.21.3",
        "tslib": "^1.10.0"
      }
    },
    "node_modules/tslib": {
      "version": "1.13.0",
      "resolved": "https://registry.npmjs.org/tslib/-/tslib-1.13.0.tgz",
      "integrity": "sha512-i/6DQjL8Xf3be4K/E6Wgpekn5Qasl1usyw++dAA35Ue5orEn65VIxOA+YvNNl9HV3qv70T7CNwjODHZrLwvd1Q=="
    }
  },
  "dependencies": {
    "fullcalendar": {
      "version": "5.6.0",
      "resolved": "https://registry.npmjs.org/fullcalendar/-/fullcalendar-5.6.0.tgz",
      "integrity": "sha512-7wk/QVrjMkh5c4cKo8Lk6QdOAp833beBmlltmPPEphPA1b+g4PPeQjnihBU4JHPi6Du2rAu0H2cE+gTXEebKjA=="
    },
    "fullcalendar-scheduler": {
      "version": "5.6.0",
      "resolved": "https://registry.npmjs.org/fullcalendar-scheduler/-/fullcalendar-scheduler-5.6.0.tgz",
      "integrity": "sha512-0jx/Q+6QqzvIGWU/52OE27UVjVAiM9E0o/qRwRcEhyuKlL54ypTF/yXP/wo0ctUtui5dDsilGNsSsba1xmARJA=="
    },
    "luxon": {
      "version": "1.24.1",
      "resolved": "https://registry.npmjs.org/luxon/-/luxon-1.24.1.tgz",
      "integrity": "sha512-CgnIMKAWT0ghcuWFfCWBnWGOddM0zu6c4wZAWmD0NN7MZTnro0+833DF6tJep+xlxRPg4KtsYEHYLfTMBQKwYg=="
    },
    "moment": {
      "version": "2.27.0",
      "resolved": "https://registry.npmjs.org/moment/-/moment-2.27.0.tgz",
      "integrity": "sha512-al0MUK7cpIcglMv3YF13qSgdAIqxHTO7brRtaz3DlSULbqfazqkc5kEjNrLDOM7fsjshoFIihnU8snrP7zUvhQ=="
    },
    "moment-timezone": {
      "version": "0.5.31",
      "resolved": "https://registry.npmjs.org/moment-timezone/-/moment-timezone-0.5.31.tgz",
      "integrity": "sha512-+GgHNg8xRhMXfEbv81iDtrVeTcWt0kWmTEY1XQK14dICTXnWJnT0dxdlPspwqF3keKMVPXwayEsk1DI0AA/jdA==",
      "requires": {
        "moment": ">= 2.9.0"
      }
    },
    "rrule": {
      "version": "2.6.4",
      "resolved": "https://registry.npmjs.org/rrule/-/rrule-2.6.4.tgz",
      "integrity": "sha512-sLdnh4lmjUqq8liFiOUXD5kWp/FcnbDLPwq5YAc/RrN6120XOPb86Ae5zxF7ttBVq8O3LxjjORMEit1baluahA==",
      "requires": {
        "luxon": "^1.21.3",
        "tslib": "^1.10.0"
      }
    },
    "tslib": {
      "version": "1.13.0",
      "resolved": "https://registry.npmjs.org/tslib/-/tslib-1.13.0.tgz",
      "integrity": "sha512-i/6DQjL8Xf3be4K/E6Wgpekn5Qasl1usyw++dAA35Ue5orEn65VIxOA+YvNNl9HV3qv70T7CNwjODHZrLwvd1Q=="
    }
  }
}
