{
  "name": "v4",
  "lockfileVersion": 2,
  "requires": true,
  "packages": {
    "": {
      "dependencies": {
        "@fullcalendar/bootstrap": "^4.4.2",
        "@fullcalendar/core": "^4.4.2",
        "@fullcalendar/daygrid": "^4.4.2",
        "@fullcalendar/google-calendar": "^4.4.2",
        "@fullcalendar/interaction": "^4.4.2",
        "@fullcalendar/list": "^4.4.2",
        "@fullcalendar/luxon": "^4.4.2",
        "@fullcalendar/moment": "^4.4.2",
        "@fullcalendar/moment-timezone": "^4.4.2",
        "@fullcalendar/resource-common": "^4.4.2",
        "@fullcalendar/resource-daygrid": "^4.4.2",
        "@fullcalendar/resource-timegrid": "^4.4.2",
        "@fullcalendar/resource-timeline": "^4.4.2",
        "@fullcalendar/rrule": "^4.4.2",
        "@fullcalendar/timegrid": "^4.4.2",
        "@fullcalendar/timeline": "^4.4.2",
        "luxon": "^1.24.1",
        "moment": "^2.26.0",
        "moment-timezone": "^0.5.31",
        "rrule": "^2.6.4"
      }
    },
    "node_modules/@fullcalendar/bootstrap": {
      "version": "4.4.2",
      "resolved": "https://registry.npmjs.org/@fullcalendar/bootstrap/-/bootstrap-4.4.2.tgz",
      "integrity": "sha512-zxtQvpZqr7zeBCfszo/i1e4zCvGwLh2zOp8J6Wxw5s73HsB1zuftWop7sPO+qhRrhX5MdM9i/wr8/nNY8BZSmw=="
    },
    "node_modules/@fullcalendar/core": {
      "version": "4.4.2",
      "resolved": "https://registry.npmjs.org/@fullcalendar/core/-/core-4.4.2.tgz",
      "integrity": "sha512-vq7KQGuAJ1ieFG5tUqwxwUwmXYtblFOTjHaLAVHo6iEPB52mS7DS45VJfkhaQmX4+5/+BHRpg82G1qkuAINwtg=="
    },
    "node_modules/@fullcalendar/daygrid": {
      "version": "4.4.2",
      "resolved": "https://registry.npmjs.org/@fullcalendar/daygrid/-/daygrid-4.4.2.tgz",
      "integrity": "sha512-axjfMhxEXHShV3r2TZjf+2niJ1C6LdAxkHKmg7mVq4jXtUQHOldU5XsjV0v2lUAt1urJBFi2zajfK8798ukL3Q=="
    },
    "node_modules/@fullcalendar/google-calendar": {
      "version": "4.4.2",
      "resolved": "https://registry.npmjs.org/@fullcalendar/google-calendar/-/google-calendar-4.4.2.tgz",
      "integrity": "sha512-MQ/+twX6qRUHWNfN40BqSCCZhsLZc0yQ68f3AcXK8r66nA2fV4xrQIhlD0cODYxWSqSsRghzsxZSwJeC74DuyA=="
    },
    "node_modules/@fullcalendar/interaction": {
      "version": "4.4.2",
      "resolved": "https://registry.npmjs.org/@fullcalendar/interaction/-/interaction-4.4.2.tgz",
      "integrity": "sha512-3ItpGFnxcYQT4NClqhq93QTQwOI8x3mlMf5M4DgK5avVaSzpv9g8p+opqeotK2yzpFeINps06cuQyB1h7vcv1Q=="
    },
    "node_modules/@fullcalendar/list": {
      "version": "4.4.2",
      "resolved": "https://registry.npmjs.org/@fullcalendar/list/-/list-4.4.2.tgz",
      "integrity": "sha512-buhfd0w0PavH3EVZ6DR6kvjb+wPDe16XEpNcPkTpvIxnAziwGBvcUeHUBd9KvtEhOcvs9sAKoYKbU4xwHFK0Wg=="
    },
    "node_modules/@fullcalendar/luxon": {
      "version": "4.4.2",
      "resolved": "https://registry.npmjs.org/@fullcalendar/luxon/-/luxon-4.4.2.tgz",
      "integrity": "sha512-NQFPsdDAyk152JzsyNMrfZWpnZUTxCrP3to/0es8Eoa97i/UxjxB5+N0SVwJqcNO0rQpaLHmeg5piHhraABShQ=="
    },
    "node_modules/@fullcalendar/moment": {
      "version": "4.4.2",
      "resolved": "https://registry.npmjs.org/@fullcalendar/moment/-/moment-4.4.2.tgz",
      "integrity": "sha512-PBrjxxDEG3RO+8SOA3a1YA7yoGI3bgnltiGY3ehOtJwFIMsUQDSSr5aMoWyRpz7MXgp2YOQY5rzMEIp2A8eK9w=="
    },
    "node_modules/@fullcalendar/moment-timezone": {
      "version": "4.4.2",
      "resolved": "https://registry.npmjs.org/@fullcalendar/moment-timezone/-/moment-timezone-4.4.2.tgz",
      "integrity": "sha512-8CjGpBdrQqDh60y6BQJScR2OcCNghPrMFNXd5L9PkU6ktfoYJapTyPZNddCXPPFiPJJdEmarU+RxPxgkl/EP9g=="
    },
    "node_modules/@fullcalendar/resource-common": {
      "version": "4.4.2",
      "resolved": "https://registry.npmjs.org/@fullcalendar/resource-common/-/resource-common-4.4.2.tgz",
      "integrity": "sha512-aypS0cu1pao5iRzhDkSGCSpizqDIFELcMyxZTzkzv9dozccU9wCgDK3rM6qFnSldn7CdOdGRgrUDAAvb3OmzFQ=="
    },
    "node_modules/@fullcalendar/resource-daygrid": {
      "version": "4.4.2",
      "resolved": "https://registry.npmjs.org/@fullcalendar/resource-daygrid/-/resource-daygrid-4.4.2.tgz",
      "integrity": "sha512-5FAVe+FqSuvbhSd3c3QFMqGySgI3pupiU3Frlr80xtwN193A3lZdzDf9SCKU3py0wY5IImv+whS4/pOIPRuZTw==",
      "dependencies": {
        "@fullcalendar/daygrid": "~4.4.0",
        "@fullcalendar/resource-common": "~4.4.0"
      }
    },
    "node_modules/@fullcalendar/resource-timegrid": {
      "version": "4.4.2",
      "resolved": "https://registry.npmjs.org/@fullcalendar/resource-timegrid/-/resource-timegrid-4.4.2.tgz",
      "integrity": "sha512-QI6gn8I4uYi7lIgA68k/EDLNTSiSBD3+HZUziCP7ivPx/AwrL38PY2OZVep/uDjYWG/In44Laf6SSWRdWTkOQA==",
      "dependencies": {
        "@fullcalendar/resource-common": "~4.4.0",
        "@fullcalendar/resource-daygrid": "~4.4.0",
        "@fullcalendar/timegrid": "~4.4.0"
      }
    },
    "node_modules/@fullcalendar/resource-timeline": {
      "version": "4.4.2",
      "resolved": "https://registry.npmjs.org/@fullcalendar/resource-timeline/-/resource-timeline-4.4.2.tgz",
      "integrity": "sha512-gCXCqfYwUJmgpSLGO+rM29VRrYiJ76dBqpZuzIDSleZoC4h+MOf+TuaTmJI3OXqjfDGQThfGoMGu8FC1rEJ2ag==",
      "dependencies": {
        "@fullcalendar/resource-common": "~4.4.0",
        "@fullcalendar/timeline": "~4.4.0"
      }
    },
    "node_modules/@fullcalendar/rrule": {
      "version": "4.4.2",
      "resolved": "https://registry.npmjs.org/@fullcalendar/rrule/-/rrule-4.4.2.tgz",
      "integrity": "sha512-pUKHFp62SZbW9X3vvxc8IMnoWpQ6Nt2IBwwPFPAWmebCnUhyDfMf3tpKaV9slUYvW0Cch4Y58tv0EySP27Q2jg=="
    },
    "node_modules/@fullcalendar/timegrid": {
      "version": "4.4.2",
      "resolved": "https://registry.npmjs.org/@fullcalendar/timegrid/-/timegrid-4.4.2.tgz",
      "integrity": "sha512-M5an7qii8OUmI4ogY47k5pn2j/qUbLp6sa6Vo0gO182HR5pb9YtrEZnoQhnScok+I0BkDkLFzMQoiAMTjBm2PQ==",
      "dependencies": {
        "@fullcalendar/daygrid": "~4.4.0"
      }
    },
    "node_modules/@fullcalendar/timeline": {
      "version": "4.4.2",
      "resolved": "https://registry.npmjs.org/@fullcalendar/timeline/-/timeline-4.4.2.tgz",
      "integrity": "sha512-9lmFKZNtjHLlbZgOBUqjrKkyvuH3gksD13rRE9LC+TBB2EiUypks99A1Cqa1WhScVi2T6j1HZn3TpV6HFM6MBg=="
    },
    "node_modules/luxon": {
      "version": "1.24.1",
      "resolved": "https://registry.npmjs.org/luxon/-/luxon-1.24.1.tgz",
      "integrity": "sha512-CgnIMKAWT0ghcuWFfCWBnWGOddM0zu6c4wZAWmD0NN7MZTnro0+833DF6tJep+xlxRPg4KtsYEHYLfTMBQKwYg==",
      "engines": {
        "node": "*"
      }
    },
    "node_modules/moment": {
      "version": "2.26.0",
      "resolved": "https://registry.npmjs.org/moment/-/moment-2.26.0.tgz",
      "integrity": "sha512-oIixUO+OamkUkwjhAVE18rAMfRJNsNe/Stid/gwHSOfHrOtw9EhAY2AHvdKZ/k/MggcYELFCJz/Sn2pL8b8JMw==",
      "engines": {
        "node": "*"
      }
    },
    "node_modules/moment-timezone": {
      "version": "0.5.31",
      "resolved": "https://registry.npmjs.org/moment-timezone/-/moment-timezone-0.5.31.tgz",
      "integrity": "sha512-+GgHNg8xRhMXfEbv81iDtrVeTcWt0kWmTEY1XQK14dICTXnWJnT0dxdlPspwqF3keKMVPXwayEsk1DI0AA/jdA==",
      "dependencies": {
        "moment": ">= 2.9.0"
      },
      "engines": {
        "node": "*"
      }
    },
    "node_modules/rrule": {
      "version": "2.6.4",
      "resolved": "https://registry.npmjs.org/rrule/-/rrule-2.6.4.tgz",
      "integrity": "sha512-sLdnh4lmjUqq8liFiOUXD5kWp/FcnbDLPwq5YAc/RrN6120XOPb86Ae5zxF7ttBVq8O3LxjjORMEit1baluahA==",
      "dependencies": {
        "luxon": "^1.21.3",
        "tslib": "^1.10.0"
      }
    },
    "node_modules/tslib": {
      "version": "1.13.0",
      "resolved": "https://registry.npmjs.org/tslib/-/tslib-1.13.0.tgz",
      "integrity": "sha512-i/6DQjL8Xf3be4K/E6Wgpekn5Qasl1usyw++dAA35Ue5orEn65VIxOA+YvNNl9HV3qv70T7CNwjODHZrLwvd1Q=="
    }
  },
  "dependencies": {
    "@fullcalendar/bootstrap": {
      "version": "4.4.2",
      "resolved": "https://registry.npmjs.org/@fullcalendar/bootstrap/-/bootstrap-4.4.2.tgz",
      "integrity": "sha512-zxtQvpZqr7zeBCfszo/i1e4zCvGwLh2zOp8J6Wxw5s73HsB1zuftWop7sPO+qhRrhX5MdM9i/wr8/nNY8BZSmw=="
    },
    "@fullcalendar/core": {
      "version": "4.4.2",
      "resolved": "https://registry.npmjs.org/@fullcalendar/core/-/core-4.4.2.tgz",
      "integrity": "sha512-vq7KQGuAJ1ieFG5tUqwxwUwmXYtblFOTjHaLAVHo6iEPB52mS7DS45VJfkhaQmX4+5/+BHRpg82G1qkuAINwtg=="
    },
    "@fullcalendar/daygrid": {
      "version": "4.4.2",
      "resolved": "https://registry.npmjs.org/@fullcalendar/daygrid/-/daygrid-4.4.2.tgz",
      "integrity": "sha512-axjfMhxEXHShV3r2TZjf+2niJ1C6LdAxkHKmg7mVq4jXtUQHOldU5XsjV0v2lUAt1urJBFi2zajfK8798ukL3Q=="
    },
    "@fullcalendar/google-calendar": {
      "version": "4.4.2",
      "resolved": "https://registry.npmjs.org/@fullcalendar/google-calendar/-/google-calendar-4.4.2.tgz",
      "integrity": "sha512-MQ/+twX6qRUHWNfN40BqSCCZhsLZc0yQ68f3AcXK8r66nA2fV4xrQIhlD0cODYxWSqSsRghzsxZSwJeC74DuyA=="
    },
    "@fullcalendar/interaction": {
      "version": "4.4.2",
      "resolved": "https://registry.npmjs.org/@fullcalendar/interaction/-/interaction-4.4.2.tgz",
      "integrity": "sha512-3ItpGFnxcYQT4NClqhq93QTQwOI8x3mlMf5M4DgK5avVaSzpv9g8p+opqeotK2yzpFeINps06cuQyB1h7vcv1Q=="
    },
    "@fullcalendar/list": {
      "version": "4.4.2",
      "resolved": "https://registry.npmjs.org/@fullcalendar/list/-/list-4.4.2.tgz",
      "integrity": "sha512-buhfd0w0PavH3EVZ6DR6kvjb+wPDe16XEpNcPkTpvIxnAziwGBvcUeHUBd9KvtEhOcvs9sAKoYKbU4xwHFK0Wg=="
    },
    "@fullcalendar/luxon": {
      "version": "4.4.2",
      "resolved": "https://registry.npmjs.org/@fullcalendar/luxon/-/luxon-4.4.2.tgz",
      "integrity": "sha512-NQFPsdDAyk152JzsyNMrfZWpnZUTxCrP3to/0es8Eoa97i/UxjxB5+N0SVwJqcNO0rQpaLHmeg5piHhraABShQ=="
    },
    "@fullcalendar/moment": {
      "version": "4.4.2",
      "resolved": "https://registry.npmjs.org/@fullcalendar/moment/-/moment-4.4.2.tgz",
      "integrity": "sha512-PBrjxxDEG3RO+8SOA3a1YA7yoGI3bgnltiGY3ehOtJwFIMsUQDSSr5aMoWyRpz7MXgp2YOQY5rzMEIp2A8eK9w=="
    },
    "@fullcalendar/moment-timezone": {
      "version": "4.4.2",
      "resolved": "https://registry.npmjs.org/@fullcalendar/moment-timezone/-/moment-timezone-4.4.2.tgz",
      "integrity": "sha512-8CjGpBdrQqDh60y6BQJScR2OcCNghPrMFNXd5L9PkU6ktfoYJapTyPZNddCXPPFiPJJdEmarU+RxPxgkl/EP9g=="
    },
    "@fullcalendar/resource-common": {
      "version": "4.4.2",
      "resolved": "https://registry.npmjs.org/@fullcalendar/resource-common/-/resource-common-4.4.2.tgz",
      "integrity": "sha512-aypS0cu1pao5iRzhDkSGCSpizqDIFELcMyxZTzkzv9dozccU9wCgDK3rM6qFnSldn7CdOdGRgrUDAAvb3OmzFQ=="
    },
    "@fullcalendar/resource-daygrid": {
      "version": "4.4.2",
      "resolved": "https://registry.npmjs.org/@fullcalendar/resource-daygrid/-/resource-daygrid-4.4.2.tgz",
      "integrity": "sha512-5FAVe+FqSuvbhSd3c3QFMqGySgI3pupiU3Frlr80xtwN193A3lZdzDf9SCKU3py0wY5IImv+whS4/pOIPRuZTw==",
      "requires": {
        "@fullcalendar/daygrid": "~4.4.0",
        "@fullcalendar/resource-common": "~4.4.0"
      }
    },
    "@fullcalendar/resource-timegrid": {
      "version": "4.4.2",
      "resolved": "https://registry.npmjs.org/@fullcalendar/resource-timegrid/-/resource-timegrid-4.4.2.tgz",
      "integrity": "sha512-QI6gn8I4uYi7lIgA68k/EDLNTSiSBD3+HZUziCP7ivPx/AwrL38PY2OZVep/uDjYWG/In44Laf6SSWRdWTkOQA==",
      "requires": {
        "@fullcalendar/resource-common": "~4.4.0",
        "@fullcalendar/resource-daygrid": "~4.4.0",
        "@fullcalendar/timegrid": "~4.4.0"
      }
    },
    "@fullcalendar/resource-timeline": {
      "version": "4.4.2",
      "resolved": "https://registry.npmjs.org/@fullcalendar/resource-timeline/-/resource-timeline-4.4.2.tgz",
      "integrity": "sha512-gCXCqfYwUJmgpSLGO+rM29VRrYiJ76dBqpZuzIDSleZoC4h+MOf+TuaTmJI3OXqjfDGQThfGoMGu8FC1rEJ2ag==",
      "requires": {
        "@fullcalendar/resource-common": "~4.4.0",
        "@fullcalendar/timeline": "~4.4.0"
      }
    },
    "@fullcalendar/rrule": {
      "version": "4.4.2",
      "resolved": "https://registry.npmjs.org/@fullcalendar/rrule/-/rrule-4.4.2.tgz",
      "integrity": "sha512-pUKHFp62SZbW9X3vvxc8IMnoWpQ6Nt2IBwwPFPAWmebCnUhyDfMf3tpKaV9slUYvW0Cch4Y58tv0EySP27Q2jg=="
    },
    "@fullcalendar/timegrid": {
      "version": "4.4.2",
      "resolved": "https://registry.npmjs.org/@fullcalendar/timegrid/-/timegrid-4.4.2.tgz",
      "integrity": "sha512-M5an7qii8OUmI4ogY47k5pn2j/qUbLp6sa6Vo0gO182HR5pb9YtrEZnoQhnScok+I0BkDkLFzMQoiAMTjBm2PQ==",
      "requires": {
        "@fullcalendar/daygrid": "~4.4.0"
      }
    },
    "@fullcalendar/timeline": {
      "version": "4.4.2",
      "resolved": "https://registry.npmjs.org/@fullcalendar/timeline/-/timeline-4.4.2.tgz",
      "integrity": "sha512-9lmFKZNtjHLlbZgOBUqjrKkyvuH3gksD13rRE9LC+TBB2EiUypks99A1Cqa1WhScVi2T6j1HZn3TpV6HFM6MBg=="
    },
    "luxon": {
      "version": "1.24.1",
      "resolved": "https://registry.npmjs.org/luxon/-/luxon-1.24.1.tgz",
      "integrity": "sha512-CgnIMKAWT0ghcuWFfCWBnWGOddM0zu6c4wZAWmD0NN7MZTnro0+833DF6tJep+xlxRPg4KtsYEHYLfTMBQKwYg=="
    },
    "moment": {
      "version": "2.26.0",
      "resolved": "https://registry.npmjs.org/moment/-/moment-2.26.0.tgz",
      "integrity": "sha512-oIixUO+OamkUkwjhAVE18rAMfRJNsNe/Stid/gwHSOfHrOtw9EhAY2AHvdKZ/k/MggcYELFCJz/Sn2pL8b8JMw=="
    },
    "moment-timezone": {
      "version": "0.5.31",
      "resolved": "https://registry.npmjs.org/moment-timezone/-/moment-timezone-0.5.31.tgz",
      "integrity": "sha512-+GgHNg8xRhMXfEbv81iDtrVeTcWt0kWmTEY1XQK14dICTXnWJnT0dxdlPspwqF3keKMVPXwayEsk1DI0AA/jdA==",
      "requires": {
        "moment": ">= 2.9.0"
      }
    },
    "rrule": {
      "version": "2.6.4",
      "resolved": "https://registry.npmjs.org/rrule/-/rrule-2.6.4.tgz",
      "integrity": "sha512-sLdnh4lmjUqq8liFiOUXD5kWp/FcnbDLPwq5YAc/RrN6120XOPb86Ae5zxF7ttBVq8O3LxjjORMEit1baluahA==",
      "requires": {
        "luxon": "^1.21.3",
        "tslib": "^1.10.0"
      }
    },
    "tslib": {
      "version": "1.13.0",
      "resolved": "https://registry.npmjs.org/tslib/-/tslib-1.13.0.tgz",
      "integrity": "sha512-i/6DQjL8Xf3be4K/E6Wgpekn5Qasl1usyw++dAA35Ue5orEn65VIxOA+YvNNl9HV3qv70T7CNwjODHZrLwvd1Q=="
    }
  }
}
