{
  "requires": true,
  "lockfileVersion": 1,
  "dependencies": {
    "@fullcalendar/bootstrap": {
      "version": "4.3.0",
      "resolved": "https://registry.npmjs.org/@fullcalendar/bootstrap/-/bootstrap-4.3.0.tgz",
      "integrity": "sha512-Ue0Bm2m765jY2LKRsD7ZyoeYNJeeyXxyzSeMdYY4AHFZTevTlcxv1T7ZYPRDBhseewLwiFHP8e0Okfdiji+BCg=="
    },
    "@fullcalendar/core": {
      "version": "4.3.1",
      "resolved": "https://registry.npmjs.org/@fullcalendar/core/-/core-4.3.1.tgz",
      "integrity": "sha512-Eh+p/wpMkWGu26f8NpfQK9ecQMoZxX/aopv+0+4/CH+Ip0paP6iEc40JYgTz7RFl0bFqV1dvwyGyUZ4+9ZeySA=="
    },
    "@fullcalendar/daygrid": {
      "version": "4.3.0",
      "resolved": "https://registry.npmjs.org/@fullcalendar/daygrid/-/daygrid-4.3.0.tgz",
      "integrity": "sha512-OrGaRIGbELESOXOCXtoQVY4cOxnxmN7OrjDGbMoVITdoXWuIZ6sFNO84WcBQoRaIbkmqVM0SAU2MENwy+eEwqQ=="
    },
    "@fullcalendar/google-calendar": {
      "version": "4.3.0",
      "resolved": "https://registry.npmjs.org/@fullcalendar/google-calendar/-/google-calendar-4.3.0.tgz",
      "integrity": "sha512-U/KjK0kVgNKeVUzyvK7CBVEtLP3mIfE3EVjTQ9rULRzsq2NqZO5PIptAsr5X4HYEThJt3jtHMJ8S0dSLMwWk8w=="
    },
    "@fullcalendar/interaction": {
      "version": "4.3.0",
      "resolved": "https://registry.npmjs.org/@fullcalendar/interaction/-/interaction-4.3.0.tgz",
      "integrity": "sha512-kaKV+tdgH/oIrwTSMGYFec989L5r+KMYJ9ybwLc8G3LbMVcebo8fAlN9VizmGQAuopKfyvOw8yzJdjfmVCCRYQ=="
    },
    "@fullcalendar/list": {
      "version": "4.3.0",
      "resolved": "https://registry.npmjs.org/@fullcalendar/list/-/list-4.3.0.tgz",
      "integrity": "sha512-Al+XaKynC4RsJpXyWOWJgrVQXFOSC+fg8DI4HGAt/mrrwazZ1L0pTQwCLeU8auZp53VFazCiNxV+jkAbuDdbDQ=="
    },
    "@fullcalendar/luxon": {
      "version": "4.3.0",
      "resolved": "https://registry.npmjs.org/@fullcalendar/luxon/-/luxon-4.3.0.tgz",
      "integrity": "sha512-nxSiRNaVlwhi7CNqAEAeGlGi2bCx09r8hr/ym6wbCHMMwrNvntn6yavtqAxTaqKs524AAllosVOzOekZ98X2JQ=="
    },
    "@fullcalendar/moment": {
      "version": "4.3.0",
      "resolved": "https://registry.npmjs.org/@fullcalendar/moment/-/moment-4.3.0.tgz",
      "integrity": "sha512-Ek+wJL+PcLpBddrOoIFLGnqsp1LG5Jm6lWeqA37sKvTwx/02IgZsHzx+lrhzR6l1JTFmtAfuANQeYdYYjVor1Q=="
    },
    "@fullcalendar/moment-timezone": {
      "version": "4.3.0",
      "resolved": "https://registry.npmjs.org/@fullcalendar/moment-timezone/-/moment-timezone-4.3.0.tgz",
      "integrity": "sha512-ko7WEcWtayi4GCUuRv99ml5MxfbZ28l0hWdtL95ErEaHqBrZYn3Y1F0P2jzFklAFKvyywxD0cq61wbGYpI20gg=="
    },
    "@fullcalendar/resource-common": {
      "version": "4.3.1",
      "resolved": "https://registry.npmjs.org/@fullcalendar/resource-common/-/resource-common-4.3.1.tgz",
      "integrity": "sha512-c0u9jE1vUsXZJZZptdJ+OmGjBmkJYXr3OKbwqpc7ip49jiz5VSNZEdGR5fJ910GgbMrDTpYYMzbyifZE4XEzMw=="
    },
    "@fullcalendar/resource-daygrid": {
      "version": "4.3.0",
      "resolved": "https://registry.npmjs.org/@fullcalendar/resource-daygrid/-/resource-daygrid-4.3.0.tgz",
      "integrity": "sha512-MF1WS0vjNHsCuyIT4VYLU3U0Ty5jIXoB2rafoJH7POVfMIeiJ0tSHHyfJQrcdJjFxPZ8UidpdP9khUz5oT/zPA==",
      "requires": {
        "@fullcalendar/daygrid": "~4.3.0",
        "@fullcalendar/resource-common": "~4.3.0"
      }
    },
    "@fullcalendar/resource-timegrid": {
      "version": "4.3.0",
      "resolved": "https://registry.npmjs.org/@fullcalendar/resource-timegrid/-/resource-timegrid-4.3.0.tgz",
      "integrity": "sha512-mwzItAuDk0sVSQ2epCkJXFu3wiYxPHHN2NDB7DUnluEtN/jVThKTT7pW94K07lqj8Nq5ZRvnTdl7QskNPTcfIw==",
      "requires": {
        "@fullcalendar/resource-common": "~4.3.0",
        "@fullcalendar/resource-daygrid": "~4.3.0",
        "@fullcalendar/timegrid": "~4.3.0"
      }
    },
    "@fullcalendar/resource-timeline": {
      "version": "4.3.0",
      "resolved": "https://registry.npmjs.org/@fullcalendar/resource-timeline/-/resource-timeline-4.3.0.tgz",
      "integrity": "sha512-FOgrsanEjYGVCzzn4DRIeFGpLyA2apDPZ74snhovBOTsqO9043wNtkH8N6jlhnwIMC7EwNJNbtaY+MgapMBtUw==",
      "requires": {
        "@fullcalendar/resource-common": "~4.3.0",
        "@fullcalendar/timeline": "~4.3.0"
      }
    },
    "@fullcalendar/rrule": {
      "version": "4.3.0",
      "resolved": "https://registry.npmjs.org/@fullcalendar/rrule/-/rrule-4.3.0.tgz",
      "integrity": "sha512-80nPrIW0hA/vtT2VcDzSzk2yQ/bqdJB4zCiVhrGAg3+DtVxnormElTQQg84Iw1q1WeouT9lo2FYzG9B4SIDQEw=="
    },
    "@fullcalendar/timegrid": {
      "version": "4.3.0",
      "resolved": "https://registry.npmjs.org/@fullcalendar/timegrid/-/timegrid-4.3.0.tgz",
      "integrity": "sha512-9JCSZbzw2Hi+X893l5X9ViZaWjxh+sDy59o6nKx0gYKwSfs/vKpmk73GBQfKyUv8orkjpnTdPFfeLDZqlzBP4Q==",
      "requires": {
        "@fullcalendar/daygrid": "~4.3.0"
      }
    },
    "@fullcalendar/timeline": {
      "version": "4.3.0",
      "resolved": "https://registry.npmjs.org/@fullcalendar/timeline/-/timeline-4.3.0.tgz",
      "integrity": "sha512-uJ1Q9Kb4ZhxVT1koCiXjTye836d7W+OlIcNM/D2Qo4kmuRSkai4xJlcDHIctf661geEOs6Tgl5QKFdP/s1kKYQ=="
    },
    "luxon": {
      "version": "1.17.2",
      "resolved": "https://registry.npmjs.org/luxon/-/luxon-1.17.2.tgz",
      "integrity": "sha512-qELKtIj3HD41N+MvgoxArk8DZGUb4Gpiijs91oi+ZmKJzRlxY6CoyTwNoUwnogCVs4p8HuxVJDik9JbnYgrCng=="
    },
    "moment": {
      "version": "2.24.0",
      "resolved": "https://registry.npmjs.org/moment/-/moment-2.24.0.tgz",
      "integrity": "sha512-bV7f+6l2QigeBBZSM/6yTNq4P2fNpSWj/0e7jQcy87A8e7o2nAfP/34/2ky5Vw4B9S446EtIhodAzkFCcR4dQg=="
    },
    "moment-timezone": {
      "version": "0.5.26",
      "resolved": "https://registry.npmjs.org/moment-timezone/-/moment-timezone-0.5.26.tgz",
      "integrity": "sha512-sFP4cgEKTCymBBKgoxZjYzlSovC20Y6J7y3nanDc5RoBIXKlZhoYwBoZGe3flwU6A372AcRwScH8KiwV6zjy1g==",
      "requires": {
        "moment": ">= 2.9.0"
      }
    },
    "rrule": {
      "version": "2.6.2",
      "resolved": "https://registry.npmjs.org/rrule/-/rrule-2.6.2.tgz",
      "integrity": "sha512-xL38CM1zOYOIp4OO8hdD6zHH5UdR9siHMvPiv+CCSh7o0LYJ0owg87QcFW7GXJ0PfpLBHjanEMvvBjJxbRhAcQ==",
      "requires": {
        "luxon": "^1.3.3",
        "tslib": "^1.9.0"
      }
    },
    "tslib": {
      "version": "1.10.0",
      "resolved": "https://registry.npmjs.org/tslib/-/tslib-1.10.0.tgz",
      "integrity": "sha512-qOebF53frne81cf0S9B41ByenJ3/IuH8yJKngAX35CmiZySA0khhkovshKK+jGCaMnVomla7gVlIcc3EvKPbTQ=="
    }
  }
}
