{
  "requires": true,
  "lockfileVersion": 1,
  "dependencies": {
    "@fullcalendar/bootstrap": {
      "version": "4.2.0",
      "resolved": "https://registry.npmjs.org/@fullcalendar/bootstrap/-/bootstrap-4.2.0.tgz",
      "integrity": "sha512-yavoxeP13f7MCeSuEk9aQHd0z82yvENw3yjbxZZHBtIY1/E/FOPZRGZYFmwffIvvz7AOs9W+Pt6hxzFLsPW02Q=="
    },
    "@fullcalendar/core": {
      "version": "4.2.0",
      "resolved": "https://registry.npmjs.org/@fullcalendar/core/-/core-4.2.0.tgz",
      "integrity": "sha512-4kd5OGHxjMtwI0gUHKwAYzmR0Z79Qf8y0ARx2Ruh20JdVy3Tznn6oKwdpkUbaXWrLXNDoXYRkBiFCIgC27VNCw=="
    },
    "@fullcalendar/daygrid": {
      "version": "4.2.0",
      "resolved": "https://registry.npmjs.org/@fullcalendar/daygrid/-/daygrid-4.2.0.tgz",
      "integrity": "sha512-9C61TowLTTZ657cErdylkdRYxXj5HO0NgogQgYX9X2wz7yvn6loiyGx6oq0o6OFf+e/Z4Ey06j7f/fqn/BPYEQ=="
    },
    "@fullcalendar/google-calendar": {
      "version": "4.2.0",
      "resolved": "https://registry.npmjs.org/@fullcalendar/google-calendar/-/google-calendar-4.2.0.tgz",
      "integrity": "sha512-Yr8SHdB9mnvNxgsX7vShcR17j1BqKRRD/pHNaIej88CHXvu0vNF371DOfzKeq51O71gQR5Qcf+oPBXyhKdXQjQ=="
    },
    "@fullcalendar/interaction": {
      "version": "4.2.0",
      "resolved": "https://registry.npmjs.org/@fullcalendar/interaction/-/interaction-4.2.0.tgz",
      "integrity": "sha512-wwAyocUp1HEY7c7xCymR9EGdh7AWZrwNiBQlIpP3ne0eJT0U4ZjlnoOoels3VPsTJ9a6pdO1/XoGjEvL1T5y4g=="
    },
    "@fullcalendar/list": {
      "version": "4.2.0",
      "resolved": "https://registry.npmjs.org/@fullcalendar/list/-/list-4.2.0.tgz",
      "integrity": "sha512-LJuwUoxLSnVti9NNT0ZG6eztoTkFl4h1/c+BwSUAcovPNAxTfVAbaV3rot+AlHz53d/QX03X1GXSNhRpUWJEBA=="
    },
    "@fullcalendar/luxon": {
      "version": "4.2.0",
      "resolved": "https://registry.npmjs.org/@fullcalendar/luxon/-/luxon-4.2.0.tgz",
      "integrity": "sha512-522BezQYotV3dniliuMI3K16u6sgRP/+mcV6Y5ImK9p8lcoCKe5zLhPYRUn5bbi6XKjynncaFfWMpUHUpfSe7A=="
    },
    "@fullcalendar/moment": {
      "version": "4.2.0",
      "resolved": "https://registry.npmjs.org/@fullcalendar/moment/-/moment-4.2.0.tgz",
      "integrity": "sha512-jJMwy5DGsfQcdS18DnA/pDoBUjaQvWWvn6/zq/Dnp9hhpxgb0BYtZeKfZhaypEOfW9c/iEd9CVyuYydBaDJE8Q=="
    },
    "@fullcalendar/moment-timezone": {
      "version": "4.2.0",
      "resolved": "https://registry.npmjs.org/@fullcalendar/moment-timezone/-/moment-timezone-4.2.0.tgz",
      "integrity": "sha512-eqnBkt7uMMTvZUlFxCHsWCq0PJodIqVWJO1C2+g3I6+ovlpDHZjIHmphxZmeTDmldZxEyD3KHvnINddeyrtZlQ=="
    },
    "@fullcalendar/resource-common": {
      "version": "4.2.0",
      "resolved": "https://registry.npmjs.org/@fullcalendar/resource-common/-/resource-common-4.2.0.tgz",
      "integrity": "sha512-+l72oSkm/gL2Y8FhJ0bn4wzRS8nKImPTCRXSTSwrYPKs26p+MzS/MmARNxiNO0hCJWhJN6C7QG2bl9osYzc+wg=="
    },
    "@fullcalendar/resource-daygrid": {
      "version": "4.2.0",
      "resolved": "https://registry.npmjs.org/@fullcalendar/resource-daygrid/-/resource-daygrid-4.2.0.tgz",
      "integrity": "sha512-4xALuyd8uHVfGfNPg42m30f/IPkClirPeupajVottqWD4TfcbGsSQCejplzgLKO4QM0zhznn+/NITdrS8DYUAg==",
      "requires": {
        "@fullcalendar/daygrid": "~4.2.0",
        "@fullcalendar/resource-common": "~4.2.0"
      }
    },
    "@fullcalendar/resource-timegrid": {
      "version": "4.2.0",
      "resolved": "https://registry.npmjs.org/@fullcalendar/resource-timegrid/-/resource-timegrid-4.2.0.tgz",
      "integrity": "sha512-zSzDTQ+5n3K0k64CL+KLNLsqV/vN/yzJgC+VmIfIST5FM2anp7rNj5SJuDsABr+cXZeQl2nEzN5O4rFI2Qsqyg==",
      "requires": {
        "@fullcalendar/resource-common": "~4.2.0",
        "@fullcalendar/resource-daygrid": "~4.2.0",
        "@fullcalendar/timegrid": "~4.2.0"
      }
    },
    "@fullcalendar/resource-timeline": {
      "version": "4.2.0",
      "resolved": "https://registry.npmjs.org/@fullcalendar/resource-timeline/-/resource-timeline-4.2.0.tgz",
      "integrity": "sha512-pkIZYVG36THlMfYjR3JneS9/h6XPVzLvhfvm8xJsYJ9RYDRiq0SDVt38c5J7WC2KW/hI0DvC1xVxT9XD5rBTRA==",
      "requires": {
        "@fullcalendar/resource-common": "~4.2.0",
        "@fullcalendar/timeline": "~4.2.0"
      }
    },
    "@fullcalendar/rrule": {
      "version": "4.2.0",
      "resolved": "https://registry.npmjs.org/@fullcalendar/rrule/-/rrule-4.2.0.tgz",
      "integrity": "sha512-BZaHoio6rPYPmhI5HmmtvLsJJWZ52HrBZElyBOqFrzYkU2gSaA3iIl6hebB1hBoKLmtAZRHcbMcZ4n/QybG2iw=="
    },
    "@fullcalendar/timegrid": {
      "version": "4.2.0",
      "resolved": "https://registry.npmjs.org/@fullcalendar/timegrid/-/timegrid-4.2.0.tgz",
      "integrity": "sha512-JtojTR+1uc1/WNzejcmsI5/2Jg007QprK5IpR8ocUVEcHXaBBXU6CPGirEWKyfk7QPZ7KzmJCykQ68QHiptyKA==",
      "requires": {
        "@fullcalendar/daygrid": "~4.2.0"
      }
    },
    "@fullcalendar/timeline": {
      "version": "4.2.0",
      "resolved": "https://registry.npmjs.org/@fullcalendar/timeline/-/timeline-4.2.0.tgz",
      "integrity": "sha512-GRw/SdJLHG64IINH+cIlqR00UeO7Ou5ZFcnApsnAX1h6Z9Q2xQ26TnATWNgqWMwfEQN4vpKei2BkbQlgELufzg=="
    },
    "luxon": {
      "version": "1.17.2",
      "resolved": "https://registry.npmjs.org/luxon/-/luxon-1.17.2.tgz",
      "integrity": "sha512-qELKtIj3HD41N+MvgoxArk8DZGUb4Gpiijs91oi+ZmKJzRlxY6CoyTwNoUwnogCVs4p8HuxVJDik9JbnYgrCng=="
    },
    "moment": {
      "version": "2.24.0",
      "resolved": "https://registry.npmjs.org/moment/-/moment-2.24.0.tgz",
      "integrity": "sha512-bV7f+6l2QigeBBZSM/6yTNq4P2fNpSWj/0e7jQcy87A8e7o2nAfP/34/2ky5Vw4B9S446EtIhodAzkFCcR4dQg=="
    },
    "rrule": {
      "version": "2.6.2",
      "resolved": "https://registry.npmjs.org/rrule/-/rrule-2.6.2.tgz",
      "integrity": "sha512-xL38CM1zOYOIp4OO8hdD6zHH5UdR9siHMvPiv+CCSh7o0LYJ0owg87QcFW7GXJ0PfpLBHjanEMvvBjJxbRhAcQ==",
      "requires": {
        "luxon": "^1.3.3",
        "tslib": "^1.9.0"
      }
    },
    "tslib": {
      "version": "1.10.0",
      "resolved": "https://registry.npmjs.org/tslib/-/tslib-1.10.0.tgz",
      "integrity": "sha512-qOebF53frne81cf0S9B41ByenJ3/IuH8yJKngAX35CmiZySA0khhkovshKK+jGCaMnVomla7gVlIcc3EvKPbTQ=="
    }
  }
}
