# THIS IS AN AUTOGENERATED FILE. DO NOT EDIT THIS FILE DIRECTLY.
# yarn lockfile v1


"@fullcalendar/bootstrap@^4.4.2":
  version "4.4.2"
  resolved "https://registry.yarnpkg.com/@fullcalendar/bootstrap/-/bootstrap-4.4.2.tgz#b396aa39fd2e49c1bfb68deb677df5a5544bb924"
  integrity sha512-zxtQvpZqr7zeBCfszo/i1e4zCvGwLh2zOp8J6Wxw5s73HsB1zuftWop7sPO+qhRrhX5MdM9i/wr8/nNY8BZSmw==

"@fullcalendar/core@^4.4.2":
  version "4.4.2"
  resolved "https://registry.yarnpkg.com/@fullcalendar/core/-/core-4.4.2.tgz#864abe98cce4497a163c01a8fc30389f15d3d4e1"
  integrity sha512-vq7KQGuAJ1ieFG5tUqwxwUwmXYtblFOTjHaLAVHo6iEPB52mS7DS45VJfkhaQmX4+5/+BHRpg82G1qkuAINwtg==

"@fullcalendar/daygrid@^4.4.2", "@fullcalendar/daygrid@~4.4.0":
  version "4.4.2"
  resolved "https://registry.yarnpkg.com/@fullcalendar/daygrid/-/daygrid-4.4.2.tgz#568bfb3c7cc97f83b57cf3aef0fa3ed1bf6eda16"
  integrity sha512-axjfMhxEXHShV3r2TZjf+2niJ1C6LdAxkHKmg7mVq4jXtUQHOldU5XsjV0v2lUAt1urJBFi2zajfK8798ukL3Q==

"@fullcalendar/google-calendar@^4.4.2":
  version "4.4.2"
  resolved "https://registry.yarnpkg.com/@fullcalendar/google-calendar/-/google-calendar-4.4.2.tgz#bd40d0da2445c81774ecdf091eb7ff1606570439"
  integrity sha512-MQ/+twX6qRUHWNfN40BqSCCZhsLZc0yQ68f3AcXK8r66nA2fV4xrQIhlD0cODYxWSqSsRghzsxZSwJeC74DuyA==

"@fullcalendar/interaction@^4.4.2":
  version "4.4.2"
  resolved "https://registry.yarnpkg.com/@fullcalendar/interaction/-/interaction-4.4.2.tgz#0a6be06538f843b6f0f4e9b4de87a5e3ec3629fb"
  integrity sha512-3ItpGFnxcYQT4NClqhq93QTQwOI8x3mlMf5M4DgK5avVaSzpv9g8p+opqeotK2yzpFeINps06cuQyB1h7vcv1Q==

"@fullcalendar/list@^4.4.2":
  version "4.4.2"
  resolved "https://registry.yarnpkg.com/@fullcalendar/list/-/list-4.4.2.tgz#9f922c41f5e3f1522dcb16e0f76386361f3da8d0"
  integrity sha512-buhfd0w0PavH3EVZ6DR6kvjb+wPDe16XEpNcPkTpvIxnAziwGBvcUeHUBd9KvtEhOcvs9sAKoYKbU4xwHFK0Wg==

"@fullcalendar/luxon@^4.4.2":
  version "4.4.2"
  resolved "https://registry.yarnpkg.com/@fullcalendar/luxon/-/luxon-4.4.2.tgz#27b4913abd6fb323da8fda63e1bd03df96b21815"
  integrity sha512-NQFPsdDAyk152JzsyNMrfZWpnZUTxCrP3to/0es8Eoa97i/UxjxB5+N0SVwJqcNO0rQpaLHmeg5piHhraABShQ==

"@fullcalendar/moment-timezone@^4.4.2":
  version "4.4.2"
  resolved "https://registry.yarnpkg.com/@fullcalendar/moment-timezone/-/moment-timezone-4.4.2.tgz#e4639791c7aa76f79cb670273e07d41bc65bbf47"
  integrity sha512-8CjGpBdrQqDh60y6BQJScR2OcCNghPrMFNXd5L9PkU6ktfoYJapTyPZNddCXPPFiPJJdEmarU+RxPxgkl/EP9g==

"@fullcalendar/moment@^4.4.2":
  version "4.4.2"
  resolved "https://registry.yarnpkg.com/@fullcalendar/moment/-/moment-4.4.2.tgz#c770dc11d3cd6d13ed93988fb58a57e76fb31770"
  integrity sha512-PBrjxxDEG3RO+8SOA3a1YA7yoGI3bgnltiGY3ehOtJwFIMsUQDSSr5aMoWyRpz7MXgp2YOQY5rzMEIp2A8eK9w==

"@fullcalendar/resource-common@^4.4.2", "@fullcalendar/resource-common@~4.4.0":
  version "4.4.2"
  resolved "https://registry.yarnpkg.com/@fullcalendar/resource-common/-/resource-common-4.4.2.tgz#fd317d68d8790083e0ed5b99545bd2618bf0b489"
  integrity sha512-aypS0cu1pao5iRzhDkSGCSpizqDIFELcMyxZTzkzv9dozccU9wCgDK3rM6qFnSldn7CdOdGRgrUDAAvb3OmzFQ==

"@fullcalendar/resource-daygrid@^4.4.2", "@fullcalendar/resource-daygrid@~4.4.0":
  version "4.4.2"
  resolved "https://registry.yarnpkg.com/@fullcalendar/resource-daygrid/-/resource-daygrid-4.4.2.tgz#f2c38286af33f54be2bb82d51e8e14fb17bc4604"
  integrity sha512-5FAVe+FqSuvbhSd3c3QFMqGySgI3pupiU3Frlr80xtwN193A3lZdzDf9SCKU3py0wY5IImv+whS4/pOIPRuZTw==
  dependencies:
    "@fullcalendar/daygrid" "~4.4.0"
    "@fullcalendar/resource-common" "~4.4.0"

"@fullcalendar/resource-timegrid@^4.4.2":
  version "4.4.2"
  resolved "https://registry.yarnpkg.com/@fullcalendar/resource-timegrid/-/resource-timegrid-4.4.2.tgz#eb361469efee0818f240d656f82b80ac95f31e0c"
  integrity sha512-QI6gn8I4uYi7lIgA68k/EDLNTSiSBD3+HZUziCP7ivPx/AwrL38PY2OZVep/uDjYWG/In44Laf6SSWRdWTkOQA==
  dependencies:
    "@fullcalendar/resource-common" "~4.4.0"
    "@fullcalendar/resource-daygrid" "~4.4.0"
    "@fullcalendar/timegrid" "~4.4.0"

"@fullcalendar/resource-timeline@^4.4.2":
  version "4.4.2"
  resolved "https://registry.yarnpkg.com/@fullcalendar/resource-timeline/-/resource-timeline-4.4.2.tgz#550da0a1bf7e65dfb14719a1372f82375aa3cbd6"
  integrity sha512-gCXCqfYwUJmgpSLGO+rM29VRrYiJ76dBqpZuzIDSleZoC4h+MOf+TuaTmJI3OXqjfDGQThfGoMGu8FC1rEJ2ag==
  dependencies:
    "@fullcalendar/resource-common" "~4.4.0"
    "@fullcalendar/timeline" "~4.4.0"

"@fullcalendar/rrule@^4.4.2":
  version "4.4.2"
  resolved "https://registry.yarnpkg.com/@fullcalendar/rrule/-/rrule-4.4.2.tgz#d9890e55c01d20986e2b4a95732c4db482b805b7"
  integrity sha512-pUKHFp62SZbW9X3vvxc8IMnoWpQ6Nt2IBwwPFPAWmebCnUhyDfMf3tpKaV9slUYvW0Cch4Y58tv0EySP27Q2jg==

"@fullcalendar/timegrid@^4.4.2", "@fullcalendar/timegrid@~4.4.0":
  version "4.4.2"
  resolved "https://registry.yarnpkg.com/@fullcalendar/timegrid/-/timegrid-4.4.2.tgz#9d5b26204cd2b0928e7498c54f758a6d07b15191"
  integrity sha512-M5an7qii8OUmI4ogY47k5pn2j/qUbLp6sa6Vo0gO182HR5pb9YtrEZnoQhnScok+I0BkDkLFzMQoiAMTjBm2PQ==
  dependencies:
    "@fullcalendar/daygrid" "~4.4.0"

"@fullcalendar/timeline@^4.4.3", "@fullcalendar/timeline@~4.4.0":
  version "4.4.3"
  resolved "https://registry.yarnpkg.com/@fullcalendar/timeline/-/timeline-4.4.3.tgz#a90bdf6d1b624c100323009c5caf9f45efa188b7"
  integrity sha512-9Bt/YbslxI7/1MAF1sMCGgaxq+wwohWtcj7tdD0q0TUFoTx083XVZ+zSLiVkv5p6e9ksI1hsdIV681iw7NfDWQ==

luxon@^1.21.3, luxon@^1.24.1:
  version "1.28.0"
  resolved "https://registry.yarnpkg.com/luxon/-/luxon-1.28.0.tgz#e7f96daad3938c06a62de0fb027115d251251fbf"
  integrity sha512-TfTiyvZhwBYM/7QdAVDh+7dBTBA29v4ik0Ce9zda3Mnf8on1S5KJI8P2jKFZ8+5C0jhmr0KwJEO/Wdpm0VeWJQ==

moment-timezone@^0.5.31:
  version "0.5.33"
  resolved "https://registry.yarnpkg.com/moment-timezone/-/moment-timezone-0.5.33.tgz#b252fd6bb57f341c9b59a5ab61a8e51a73bbd22c"
  integrity sha512-PTc2vcT8K9J5/9rDEPe5czSIKgLoGsH8UNpA4qZTVw0Vd/Uz19geE9abbIOQKaAQFcnQ3v5YEXrbSc5BpshH+w==
  dependencies:
    moment ">= 2.9.0"

"moment@>= 2.9.0", moment@^2.26.0:
  version "2.29.1"
  resolved "https://registry.yarnpkg.com/moment/-/moment-2.29.1.tgz#b2be769fa31940be9eeea6469c075e35006fa3d3"
  integrity sha512-kHmoybcPV8Sqy59DwNDY3Jefr64lK/by/da0ViFcuA4DH0vQg5Q6Ze5VimxkfQNSC+Mls/Kx53s7TjP1RhFEDQ==

rrule@^2.6.4:
  version "2.6.8"
  resolved "https://registry.yarnpkg.com/rrule/-/rrule-2.6.8.tgz#c61714f246e7676e8efa16c2baabac199f20f6db"
  integrity sha512-cUaXuUPrz9d1wdyzHsBfT1hptKlGgABeCINFXFvulEPqh9Np9BnF3C3lrv9uO54IIr8VDb58tsSF3LhsW+4VRw==
  dependencies:
    tslib "^1.10.0"
  optionalDependencies:
    luxon "^1.21.3"

tslib@^1.10.0:
  version "1.14.1"
  resolved "https://registry.yarnpkg.com/tslib/-/tslib-1.14.1.tgz#cf2d38bdc34a134bcaf1091c41f6619e2f672d00"
  integrity sha512-Xni35NKzjgMrwevysHTCArtLDpPvye8zV/0E4EyYn43P7/7qvQwPh9BGkHewbMulVntbigmcT7rdX3BNo9wRJg==
