{
  "requires": true,
  "lockfileVersion": 1,
  "dependencies": {
    "fullcalendar": {
      "version": "3.10.0",
      "resolved": "https://registry.npmjs.org/fullcalendar/-/fullcalendar-3.10.0.tgz",
      "integrity": "sha512-0OtsHhmdYhtFmQwXzyo8VqHzYgamg+zVOoytv5N13gI+iF6CGjevpCi/yBaQs0O4wY3OAp8I688IxdNYe0iAvw=="
    },
    "fullcalendar-scheduler": {
      "version": "1.9.4",
      "resolved": "https://registry.npmjs.org/fullcalendar-scheduler/-/fullcalendar-scheduler-1.9.4.tgz",
      "integrity": "sha512-QJ5p/qRnK+vuiNRTbsxKCytiCu2adUn1dSlRSlPSivR/FOUL4J5XQA/4o/h6YCpIMWnmLTXPOuyqBTbsG3ydyg==",
      "requires": {
        "fullcalendar": "~3.9.0",
        "jquery": "2 - 3",
        "moment": "^2.20.1"
      },
      "dependencies": {
        "fullcalendar": {
          "version": "3.9.0",
          "resolved": "https://registry.npmjs.org/fullcalendar/-/fullcalendar-3.9.0.tgz",
          "integrity": "sha512-bbALDK8+SBqluv8SKPDeVNtaSr87NYblte/pRgV5NnDJWCEARpRlQ1qQ/XEakcAXbMZov6rWYIvLOrtKwQo2Bg==",
          "requires": {
            "jquery": "2 - 3",
            "moment": "^2.20.1"
          }
        }
      }
    },
    "jquery": {
      "version": "3.4.1",
      "resolved": "https://registry.npmjs.org/jquery/-/jquery-3.4.1.tgz",
      "integrity": "sha512-36+AdBzCL+y6qjw5Tx7HgzeGCzC81MDDgaUP8ld2zhx58HdqXGoBd+tHdrBMiyjGQs0Hxs/MLZTu/eHNJJuWPw=="
    },
    "moment": {
      "version": "2.24.0",
      "resolved": "https://registry.npmjs.org/moment/-/moment-2.24.0.tgz",
      "integrity": "sha512-bV7f+6l2QigeBBZSM/6yTNq4P2fNpSWj/0e7jQcy87A8e7o2nAfP/34/2ky5Vw4B9S446EtIhodAzkFCcR4dQg=="
    }
  }
}
