{
  "name": "v3",
  "lockfileVersion": 2,
  "requires": true,
  "packages": {
    "": {
      "dependencies": {
        "fullcalendar": "^3.10.2",
        "fullcalendar-scheduler": "^1.10.1",
        "jquery": "^3.5.0",
        "moment": "^2.24.0"
      }
    },
    "node_modules/fullcalendar": {
      "version": "3.10.2",
      "resolved": "https://registry.npmjs.org/fullcalendar/-/fullcalendar-3.10.2.tgz",
      "integrity": "sha512-YWZaHdp8ZLBqhPz615PoXdA49ymsBTUF+MGDM6H3vyz71Pv/ZW9Pm9/Mj3x6n822k6bs2txFO7muRTSvBhsqKg=="
    },
    "node_modules/fullcalendar-scheduler": {
      "version": "1.10.1",
      "resolved": "https://registry.npmjs.org/fullcalendar-scheduler/-/fullcalendar-scheduler-1.10.1.tgz",
      "integrity": "sha512-ZNbZIowtYJKTWJHagFEUjT0Z7tgb8zKsHAaNNEocFosOViUzTzdwBNDzCl4VPVVtQ/AG/oZh38AkWH1Wi52Chw==",
      "dependencies": {
        "fullcalendar": "~3.10.0"
      }
    },
    "node_modules/fullcalendar-scheduler/node_modules/fullcalendar": {
      "version": "3.10.1",
      "resolved": "https://registry.npmjs.org/fullcalendar/-/fullcalendar-3.10.1.tgz",
      "integrity": "sha512-E0ioaHVmwdS4es8pNTUNva7505wPkUMFdn9JGFLYo+J12ARhN3zDBwoPj2DfB8rL7Yc1sSve+FqDHC3s2SZ7Fw=="
    },
    "node_modules/jquery": {
      "version": "3.5.0",
      "resolved": "https://registry.npmjs.org/jquery/-/jquery-3.5.0.tgz",
      "integrity": "sha512-Xb7SVYMvygPxbFMpTFQiHh1J7HClEaThguL15N/Gg37Lri/qKyhRGZYzHRyLH8Stq3Aow0LsHO2O2ci86fCrNQ=="
    },
    "node_modules/moment": {
      "version": "2.24.0",
      "resolved": "https://registry.npmjs.org/moment/-/moment-2.24.0.tgz",
      "integrity": "sha512-bV7f+6l2QigeBBZSM/6yTNq4P2fNpSWj/0e7jQcy87A8e7o2nAfP/34/2ky5Vw4B9S446EtIhodAzkFCcR4dQg==",
      "engines": {
        "node": "*"
      }
    }
  },
  "dependencies": {
    "fullcalendar": {
      "version": "3.10.2",
      "resolved": "https://registry.npmjs.org/fullcalendar/-/fullcalendar-3.10.2.tgz",
      "integrity": "sha512-YWZaHdp8ZLBqhPz615PoXdA49ymsBTUF+MGDM6H3vyz71Pv/ZW9Pm9/Mj3x6n822k6bs2txFO7muRTSvBhsqKg=="
    },
    "fullcalendar-scheduler": {
      "version": "1.10.1",
      "resolved": "https://registry.npmjs.org/fullcalendar-scheduler/-/fullcalendar-scheduler-1.10.1.tgz",
      "integrity": "sha512-ZNbZIowtYJKTWJHagFEUjT0Z7tgb8zKsHAaNNEocFosOViUzTzdwBNDzCl4VPVVtQ/AG/oZh38AkWH1Wi52Chw==",
      "requires": {
        "fullcalendar": "~3.10.0"
      },
      "dependencies": {
        "fullcalendar": {
          "version": "3.10.1",
          "resolved": "https://registry.npmjs.org/fullcalendar/-/fullcalendar-3.10.1.tgz",
          "integrity": "sha512-E0ioaHVmwdS4es8pNTUNva7505wPkUMFdn9JGFLYo+J12ARhN3zDBwoPj2DfB8rL7Yc1sSve+FqDHC3s2SZ7Fw=="
        }
      }
    },
    "jquery": {
      "version": "3.5.0",
      "resolved": "https://registry.npmjs.org/jquery/-/jquery-3.5.0.tgz",
      "integrity": "sha512-Xb7SVYMvygPxbFMpTFQiHh1J7HClEaThguL15N/Gg37Lri/qKyhRGZYzHRyLH8Stq3Aow0LsHO2O2ci86fCrNQ=="
    },
    "moment": {
      "version": "2.24.0",
      "resolved": "https://registry.npmjs.org/moment/-/moment-2.24.0.tgz",
      "integrity": "sha512-bV7f+6l2QigeBBZSM/6yTNq4P2fNpSWj/0e7jQcy87A8e7o2nAfP/34/2ky5Vw4B9S446EtIhodAzkFCcR4dQg=="
    }
  }
}
