{
  "requires": true,
  "lockfileVersion": 1,
  "dependencies": {
    "fullcalendar": {
      "version": "3.10.3",
      "resolved": "https://registry.npmjs.org/fullcalendar/-/fullcalendar-3.10.3.tgz",
      "integrity": "sha512-fZiDIIkhZ7fwTYfWYHzzCmS2zPKK8VMMG/MZzuvr7ANjajmptsxcwa9xLHZP5mKMDO8duhFkVfPATKnnQeGdgQ=="
    },
    "fullcalendar-scheduler": {
      "version": "1.10.2",
      "resolved": "https://registry.npmjs.org/fullcalendar-scheduler/-/fullcalendar-scheduler-1.10.2.tgz",
      "integrity": "sha512-VDK9CloOFO6ojFG2xbu/YFyCwyGYVb/gtzwyTKqGe7YVB4D0/vdYUGFvshwm/+rrpKzA1pA7y/dpJzNO6UekRg==",
      "requires": {
        "fullcalendar": "~3.10.0"
      }
    },
    "jquery": {
      "version": "3.5.0",
      "resolved": "https://registry.npmjs.org/jquery/-/jquery-3.5.0.tgz",
      "integrity": "sha512-Xb7SVYMvygPxbFMpTFQiHh1J7HClEaThguL15N/Gg37Lri/qKyhRGZYzHRyLH8Stq3Aow0LsHO2O2ci86fCrNQ=="
    },
    "moment": {
      "version": "2.24.0",
      "resolved": "https://registry.npmjs.org/moment/-/moment-2.24.0.tgz",
      "integrity": "sha512-bV7f+6l2QigeBBZSM/6yTNq4P2fNpSWj/0e7jQcy87A8e7o2nAfP/34/2ky5Vw4B9S446EtIhodAzkFCcR4dQg=="
    }
  }
}
