# THIS IS AN AUTOGENERATED FILE. DO NOT EDIT THIS FILE DIRECTLY.
# yarn lockfile v1


fullcalendar-scheduler@^1.10.2:
  version "1.10.2"
  resolved "https://registry.yarnpkg.com/fullcalendar-scheduler/-/fullcalendar-scheduler-1.10.2.tgz#ef29fd6d36b7e61e16265a088fc1e71365a12dfa"
  integrity sha512-VDK9CloOFO6ojFG2xbu/YFyCwyGYVb/gtzwyTKqGe7YVB4D0/vdYUGFvshwm/+rrpKzA1pA7y/dpJzNO6UekRg==
  dependencies:
    fullcalendar "~3.10.0"

fullcalendar@^3.10.3, fullcalendar@~3.10.0:
  version "3.10.3"
  resolved "https://registry.yarnpkg.com/fullcalendar/-/fullcalendar-3.10.3.tgz#b96c335b6fd4d76147783500418ae32aca771930"
  integrity sha512-fZiDIIkhZ7fwTYfWYHzzCmS2zPKK8VMMG/MZzuvr7ANjajmptsxcwa9xLHZP5mKMDO8duhFkVfPATKnnQeGdgQ==

jquery@^3.5.0:
  version "3.6.0"
  resolved "https://registry.yarnpkg.com/jquery/-/jquery-3.6.0.tgz#c72a09f15c1bdce142f49dbf1170bdf8adac2470"
  integrity sha512-JVzAR/AjBvVt2BmYhxRCSYysDsPcssdmTFnzyLEts9qNwmjmu4JTAMYubEfwVOSwpQ1I1sKKFcxhZCI2buerfw==

moment@^2.24.0:
  version "2.29.1"
  resolved "https://registry.yarnpkg.com/moment/-/moment-2.29.1.tgz#b2be769fa31940be9eeea6469c075e35006fa3d3"
  integrity sha512-kHmoybcPV8Sqy59DwNDY3Jefr64lK/by/da0ViFcuA4DH0vQg5Q6Ze5VimxkfQNSC+Mls/Kx53s7TjP1RhFEDQ==
